
Microsoft Visual Studio Solution File, Format Version 12.00
# Visual Studio Version 17
VisualStudioVersion = 17.3.32901.215
MinimumVisualStudioVersion = 10.0.40219.1
Project("{FAE04EC0-301F-11D3-BF4B-00C04F79EFBC}") = "filtrs", "filtrs\filtrs.csproj", "{6826D579-994C-4314-AC03-CD7BDE87F374}"
EndProject
Project("{9A19103F-16F7-4668-BE54-9A1E7A4F7556}") = "candig_lab_1", "..\..\..\OneDrive\Рабочий стол\candig_lab_1\candig_lab_1.csproj", "{20B2B75E-5EBF-4BB6-A95A-03085580B7F0}"
EndProject
Global
	GlobalSection(SolutionConfigurationPlatforms) = preSolution
		Debug|Any CPU = Debug|Any CPU
		Release|Any CPU = Release|Any CPU
	EndGlobalSection
	GlobalSection(ProjectConfigurationPlatforms) = postSolution
		{6826D579-994C-4314-AC03-CD7BDE87F374}.Debug|Any CPU.ActiveCfg = Debug|Any CPU
		{6826D579-994C-4314-AC03-CD7BDE87F374}.Debug|Any CPU.Build.0 = Debug|Any CPU
		{6826D579-994C-4314-AC03-CD7BDE87F374}.Release|Any CPU.ActiveCfg = Release|Any CPU
		{6826D579-994C-4314-AC03-CD7BDE87F374}.Release|Any CPU.Build.0 = Release|Any CPU
		{20B2B75E-5EBF-4BB6-A95A-03085580B7F0}.Debug|Any CPU.ActiveCfg = Debug|Any CPU
		{20B2B75E-5EBF-4BB6-A95A-03085580B7F0}.Debug|Any CPU.Build.0 = Debug|Any CPU
		{20B2B75E-5EBF-4BB6-A95A-03085580B7F0}.Release|Any CPU.ActiveCfg = Release|Any CPU
		{20B2B75E-5EBF-4BB6-A95A-03085580B7F0}.Release|Any CPU.Build.0 = Release|Any CPU
	EndGlobalSection
	GlobalSection(SolutionProperties) = preSolution
		HideSolutionNode = FALSE
	EndGlobalSection
	GlobalSection(ExtensibilityGlobals) = postSolution
		SolutionGuid = {7FE7E3EA-05D7-438C-B69C-526618542F34}
	EndGlobalSection
EndGlobal
